
Microsoft Visual Studio Solution File, Format Version 12.00
# Visual Studio Version 17
VisualStudioVersion = 17.11.35222.181
MinimumVisualStudioVersion = 10.0.40219.1
Project("{8BC9CEB8-8B4A-11D0-8D11-00A0C91BC942}") = "01_g", "01_g\01_g.vcxproj", "{A7CDEB62-2DF3-432F-AD8B-7EF61A81749B}"
EndProject
Project("{8BC9CEB8-8B4A-11D0-8D11-00A0C91BC942}") = "02_g", "02_g\02_g.vcxproj", "{C161C583-FE50-4929-BCFC-E6EC8D858998}"
EndProject
Project("{8BC9CEB8-8B4A-11D0-8D11-00A0C91BC942}") = "03_g", "03_g\03_g.vcxproj", "{0EBFA3A4-D3D1-4720-9CF8-DF65BF7DDE77}"
EndProject
Project("{8BC9CEB8-8B4A-11D0-8D11-00A0C91BC942}") = "04_g", "04_g\04_g.vcxproj", "{46A35322-0A26-47BE-BF74-FC7421A2E4FC}"
EndProject
Project("{8BC9CEB8-8B4A-11D0-8D11-00A0C91BC942}") = "05_g", "05_g\05_g.vcxproj", "{FBC15AAB-57FD-401C-8FF7-3F2EE16DE072}"
EndProject
Project("{8BC9CEB8-8B4A-11D0-8D11-00A0C91BC942}") = "06_g", "06_g\06_g.vcxproj", "{3E812742-1AE3-4C16-B27C-14E865A3B75C}"
EndProject
Project("{8BC9CEB8-8B4A-11D0-8D11-00A0C91BC942}") = "07_g", "07_g\07_g.vcxproj", "{0C5D6755-101A-4D9F-8613-E4FADD1666E2}"
EndProject
Global
	GlobalSection(SolutionConfigurationPlatforms) = preSolution
		Debug|ARM64 = Debug|ARM64
		Debug|x64 = Debug|x64
		Debug|x86 = Debug|x86
		Release|ARM64 = Release|ARM64
		Release|x64 = Release|x64
		Release|x86 = Release|x86
	EndGlobalSection
	GlobalSection(ProjectConfigurationPlatforms) = postSolution
		{A7CDEB62-2DF3-432F-AD8B-7EF61A81749B}.Debug|ARM64.ActiveCfg = Debug|x64
		{A7CDEB62-2DF3-432F-AD8B-7EF61A81749B}.Debug|ARM64.Build.0 = Debug|x64
		{A7CDEB62-2DF3-432F-AD8B-7EF61A81749B}.Debug|x64.ActiveCfg = Debug|x64
		{A7CDEB62-2DF3-432F-AD8B-7EF61A81749B}.Debug|x64.Build.0 = Debug|x64
		{A7CDEB62-2DF3-432F-AD8B-7EF61A81749B}.Debug|x86.ActiveCfg = Debug|Win32
		{A7CDEB62-2DF3-432F-AD8B-7EF61A81749B}.Debug|x86.Build.0 = Debug|Win32
		{A7CDEB62-2DF3-432F-AD8B-7EF61A81749B}.Release|ARM64.ActiveCfg = Release|x64
		{A7CDEB62-2DF3-432F-AD8B-7EF61A81749B}.Release|ARM64.Build.0 = Release|x64
		{A7CDEB62-2DF3-432F-AD8B-7EF61A81749B}.Release|x64.ActiveCfg = Release|x64
		{A7CDEB62-2DF3-432F-AD8B-7EF61A81749B}.Release|x64.Build.0 = Release|x64
		{A7CDEB62-2DF3-432F-AD8B-7EF61A81749B}.Release|x86.ActiveCfg = Release|Win32
		{A7CDEB62-2DF3-432F-AD8B-7EF61A81749B}.Release|x86.Build.0 = Release|Win32
		{C161C583-FE50-4929-BCFC-E6EC8D858998}.Debug|ARM64.ActiveCfg = Debug|x64
		{C161C583-FE50-4929-BCFC-E6EC8D858998}.Debug|ARM64.Build.0 = Debug|x64
		{C161C583-FE50-4929-BCFC-E6EC8D858998}.Debug|x64.ActiveCfg = Debug|x64
		{C161C583-FE50-4929-BCFC-E6EC8D858998}.Debug|x64.Build.0 = Debug|x64
		{C161C583-FE50-4929-BCFC-E6EC8D858998}.Debug|x86.ActiveCfg = Debug|Win32
		{C161C583-FE50-4929-BCFC-E6EC8D858998}.Debug|x86.Build.0 = Debug|Win32
		{C161C583-FE50-4929-BCFC-E6EC8D858998}.Release|ARM64.ActiveCfg = Release|x64
		{C161C583-FE50-4929-BCFC-E6EC8D858998}.Release|ARM64.Build.0 = Release|x64
		{C161C583-FE50-4929-BCFC-E6EC8D858998}.Release|x64.ActiveCfg = Release|x64
		{C161C583-FE50-4929-BCFC-E6EC8D858998}.Release|x64.Build.0 = Release|x64
		{C161C583-FE50-4929-BCFC-E6EC8D858998}.Release|x86.ActiveCfg = Release|Win32
		{C161C583-FE50-4929-BCFC-E6EC8D858998}.Release|x86.Build.0 = Release|Win32
		{0EBFA3A4-D3D1-4720-9CF8-DF65BF7DDE77}.Debug|ARM64.ActiveCfg = Debug|x64
		{0EBFA3A4-D3D1-4720-9CF8-DF65BF7DDE77}.Debug|ARM64.Build.0 = Debug|x64
		{0EBFA3A4-D3D1-4720-9CF8-DF65BF7DDE77}.Debug|x64.ActiveCfg = Debug|x64
		{0EBFA3A4-D3D1-4720-9CF8-DF65BF7DDE77}.Debug|x64.Build.0 = Debug|x64
		{0EBFA3A4-D3D1-4720-9CF8-DF65BF7DDE77}.Debug|x86.ActiveCfg = Debug|Win32
		{0EBFA3A4-D3D1-4720-9CF8-DF65BF7DDE77}.Debug|x86.Build.0 = Debug|Win32
		{0EBFA3A4-D3D1-4720-9CF8-DF65BF7DDE77}.Release|ARM64.ActiveCfg = Release|x64
		{0EBFA3A4-D3D1-4720-9CF8-DF65BF7DDE77}.Release|ARM64.Build.0 = Release|x64
		{0EBFA3A4-D3D1-4720-9CF8-DF65BF7DDE77}.Release|x64.ActiveCfg = Release|x64
		{0EBFA3A4-D3D1-4720-9CF8-DF65BF7DDE77}.Release|x64.Build.0 = Release|x64
		{0EBFA3A4-D3D1-4720-9CF8-DF65BF7DDE77}.Release|x86.ActiveCfg = Release|Win32
		{0EBFA3A4-D3D1-4720-9CF8-DF65BF7DDE77}.Release|x86.Build.0 = Release|Win32
		{46A35322-0A26-47BE-BF74-FC7421A2E4FC}.Debug|ARM64.ActiveCfg = Debug|ARM64
		{46A35322-0A26-47BE-BF74-FC7421A2E4FC}.Debug|ARM64.Build.0 = Debug|ARM64
		{46A35322-0A26-47BE-BF74-FC7421A2E4FC}.Debug|x64.ActiveCfg = Debug|x64
		{46A35322-0A26-47BE-BF74-FC7421A2E4FC}.Debug|x64.Build.0 = Debug|x64
		{46A35322-0A26-47BE-BF74-FC7421A2E4FC}.Debug|x86.ActiveCfg = Debug|Win32
		{46A35322-0A26-47BE-BF74-FC7421A2E4FC}.Debug|x86.Build.0 = Debug|Win32
		{46A35322-0A26-47BE-BF74-FC7421A2E4FC}.Release|ARM64.ActiveCfg = Release|ARM64
		{46A35322-0A26-47BE-BF74-FC7421A2E4FC}.Release|ARM64.Build.0 = Release|ARM64
		{46A35322-0A26-47BE-BF74-FC7421A2E4FC}.Release|x64.ActiveCfg = Release|x64
		{46A35322-0A26-47BE-BF74-FC7421A2E4FC}.Release|x64.Build.0 = Release|x64
		{46A35322-0A26-47BE-BF74-FC7421A2E4FC}.Release|x86.ActiveCfg = Release|Win32
		{46A35322-0A26-47BE-BF74-FC7421A2E4FC}.Release|x86.Build.0 = Release|Win32
		{FBC15AAB-57FD-401C-8FF7-3F2EE16DE072}.Debug|ARM64.ActiveCfg = Debug|ARM64
		{FBC15AAB-57FD-401C-8FF7-3F2EE16DE072}.Debug|ARM64.Build.0 = Debug|ARM64
		{FBC15AAB-57FD-401C-8FF7-3F2EE16DE072}.Debug|x64.ActiveCfg = Debug|x64
		{FBC15AAB-57FD-401C-8FF7-3F2EE16DE072}.Debug|x64.Build.0 = Debug|x64
		{FBC15AAB-57FD-401C-8FF7-3F2EE16DE072}.Debug|x86.ActiveCfg = Debug|Win32
		{FBC15AAB-57FD-401C-8FF7-3F2EE16DE072}.Debug|x86.Build.0 = Debug|Win32
		{FBC15AAB-57FD-401C-8FF7-3F2EE16DE072}.Release|ARM64.ActiveCfg = Release|ARM64
		{FBC15AAB-57FD-401C-8FF7-3F2EE16DE072}.Release|ARM64.Build.0 = Release|ARM64
		{FBC15AAB-57FD-401C-8FF7-3F2EE16DE072}.Release|x64.ActiveCfg = Release|x64
		{FBC15AAB-57FD-401C-8FF7-3F2EE16DE072}.Release|x64.Build.0 = Release|x64
		{FBC15AAB-57FD-401C-8FF7-3F2EE16DE072}.Release|x86.ActiveCfg = Release|Win32
		{FBC15AAB-57FD-401C-8FF7-3F2EE16DE072}.Release|x86.Build.0 = Release|Win32
		{3E812742-1AE3-4C16-B27C-14E865A3B75C}.Debug|ARM64.ActiveCfg = Debug|ARM64
		{3E812742-1AE3-4C16-B27C-14E865A3B75C}.Debug|ARM64.Build.0 = Debug|ARM64
		{3E812742-1AE3-4C16-B27C-14E865A3B75C}.Debug|x64.ActiveCfg = Debug|x64
		{3E812742-1AE3-4C16-B27C-14E865A3B75C}.Debug|x64.Build.0 = Debug|x64
		{3E812742-1AE3-4C16-B27C-14E865A3B75C}.Debug|x86.ActiveCfg = Debug|Win32
		{3E812742-1AE3-4C16-B27C-14E865A3B75C}.Debug|x86.Build.0 = Debug|Win32
		{3E812742-1AE3-4C16-B27C-14E865A3B75C}.Release|ARM64.ActiveCfg = Release|ARM64
		{3E812742-1AE3-4C16-B27C-14E865A3B75C}.Release|ARM64.Build.0 = Release|ARM64
		{3E812742-1AE3-4C16-B27C-14E865A3B75C}.Release|x64.ActiveCfg = Release|x64
		{3E812742-1AE3-4C16-B27C-14E865A3B75C}.Release|x64.Build.0 = Release|x64
		{3E812742-1AE3-4C16-B27C-14E865A3B75C}.Release|x86.ActiveCfg = Release|Win32
		{3E812742-1AE3-4C16-B27C-14E865A3B75C}.Release|x86.Build.0 = Release|Win32
		{0C5D6755-101A-4D9F-8613-E4FADD1666E2}.Debug|ARM64.ActiveCfg = Debug|x64
		{0C5D6755-101A-4D9F-8613-E4FADD1666E2}.Debug|ARM64.Build.0 = Debug|x64
		{0C5D6755-101A-4D9F-8613-E4FADD1666E2}.Debug|x64.ActiveCfg = Debug|x64
		{0C5D6755-101A-4D9F-8613-E4FADD1666E2}.Debug|x64.Build.0 = Debug|x64
		{0C5D6755-101A-4D9F-8613-E4FADD1666E2}.Debug|x86.ActiveCfg = Debug|Win32
		{0C5D6755-101A-4D9F-8613-E4FADD1666E2}.Debug|x86.Build.0 = Debug|Win32
		{0C5D6755-101A-4D9F-8613-E4FADD1666E2}.Release|ARM64.ActiveCfg = Release|x64
		{0C5D6755-101A-4D9F-8613-E4FADD1666E2}.Release|ARM64.Build.0 = Release|x64
		{0C5D6755-101A-4D9F-8613-E4FADD1666E2}.Release|x64.ActiveCfg = Release|x64
		{0C5D6755-101A-4D9F-8613-E4FADD1666E2}.Release|x64.Build.0 = Release|x64
		{0C5D6755-101A-4D9F-8613-E4FADD1666E2}.Release|x86.ActiveCfg = Release|Win32
		{0C5D6755-101A-4D9F-8613-E4FADD1666E2}.Release|x86.Build.0 = Release|Win32
	EndGlobalSection
	GlobalSection(SolutionProperties) = preSolution
		HideSolutionNode = FALSE
	EndGlobalSection
	GlobalSection(ExtensibilityGlobals) = postSolution
		SolutionGuid = {7DC5FD58-BFAC-4062-831A-7DCFF3A8B493}
	EndGlobalSection
EndGlobal
