
Microsoft Visual Studio Solution File, Format Version 12.00
# Visual Studio Version 17
VisualStudioVersion = 17.11.35312.102
MinimumVisualStudioVersion = 10.0.40219.1
Project("{8BC9CEB8-8B4A-11D0-8D11-00A0C91BC942}") = "project_p", "project_p\project_p.vcxproj", "{848EC814-7179-4EF8-87BD-A92E6546C360}"
EndProject
Project("{8BC9CEB8-8B4A-11D0-8D11-00A0C91BC942}") = "a_1", "a_1\a_1.vcxproj", "{2C2CE535-D83B-4BEA-90E2-CD0375D5CEEC}"
EndProject
Project("{8BC9CEB8-8B4A-11D0-8D11-00A0C91BC942}") = "a_2", "a_2\a_2.vcxproj", "{B53EB5AF-9645-4F67-AF44-B1C3C8015987}"
EndProject
Project("{8BC9CEB8-8B4A-11D0-8D11-00A0C91BC942}") = "a_3", "a_3\a_3.vcxproj", "{372BC07C-0319-4EF7-8A3B-F3B4CCE04332}"
EndProject
Project("{8BC9CEB8-8B4A-11D0-8D11-00A0C91BC942}") = "a_4", "a_04\a_04.vcxproj", "{40DFF8CA-F53F-4597-A92A-EB86A1ABC09B}"
EndProject
Project("{8BC9CEB8-8B4A-11D0-8D11-00A0C91BC942}") = "a_5", "a_5\a_5.vcxproj", "{EF83111C-D8F2-46F2-96DC-6BD3AC332ED2}"
EndProject
Project("{8BC9CEB8-8B4A-11D0-8D11-00A0C91BC942}") = "a_6", "a_6\a_6.vcxproj", "{F9A90732-3378-43A8-A249-8EF398735639}"
EndProject
Project("{8BC9CEB8-8B4A-11D0-8D11-00A0C91BC942}") = "glsl_p_1", "glsl_p_1\glsl_p_1.vcxproj", "{9889A085-21CD-49BB-A71B-09F0BDF4D8E6}"
EndProject
Project("{8BC9CEB8-8B4A-11D0-8D11-00A0C91BC942}") = "glsl_p_2", "glsl_p_2\glsl_p_2.vcxproj", "{3FF1D80F-B058-4FB8-89A1-A50F912AC321}"
EndProject
Project("{8BC9CEB8-8B4A-11D0-8D11-00A0C91BC942}") = "glsl_p_3", "glsl_p_3\glsl_p_3.vcxproj", "{3AAFAB7A-9089-4CC8-99A9-B9ADB9CDF334}"
EndProject
Project("{8BC9CEB8-8B4A-11D0-8D11-00A0C91BC942}") = "a_7", "a_7\a_7.vcxproj", "{E16DA78F-843B-4CD2-AA08-2B46D9D9CEFF}"
EndProject
Project("{8BC9CEB8-8B4A-11D0-8D11-00A0C91BC942}") = "a_8", "a_8\a_8.vcxproj", "{6EAB4B7A-A8FD-458F-9271-6E1D2BE944BE}"
EndProject
Project("{8BC9CEB8-8B4A-11D0-8D11-00A0C91BC942}") = "a_9", "a_9\a_9.vcxproj", "{27A1D621-7129-49E6-907D-E677CC066B17}"
EndProject
Project("{8BC9CEB8-8B4A-11D0-8D11-00A0C91BC942}") = "a_10", "a_10\a_10.vcxproj", "{6670CA61-9B8B-4DC3-8C70-F3989B687D2F}"
EndProject
Project("{8BC9CEB8-8B4A-11D0-8D11-00A0C91BC942}") = "a_11", "a_11\a_11.vcxproj", "{ABEBE7ED-FEE9-4765-9506-52080B4966C8}"
EndProject
Project("{8BC9CEB8-8B4A-11D0-8D11-00A0C91BC942}") = "a_12", "a_12\a_12.vcxproj", "{9CEE8985-FA18-44D9-B5E7-04858EF99D6E}"
EndProject
Project("{8BC9CEB8-8B4A-11D0-8D11-00A0C91BC942}") = "a_13", "a_13\a_13.vcxproj", "{323C3339-08E0-468C-BACF-5937D160315F}"
EndProject
Project("{8BC9CEB8-8B4A-11D0-8D11-00A0C91BC942}") = "a_3dprac", "a_3dprac\a_3dprac.vcxproj", "{29B656F0-F557-4BDA-B007-BD300B4AEF78}"
EndProject
Global
	GlobalSection(SolutionConfigurationPlatforms) = preSolution
		Debug|x64 = Debug|x64
		Debug|x86 = Debug|x86
		Release|x64 = Release|x64
		Release|x86 = Release|x86
	EndGlobalSection
	GlobalSection(ProjectConfigurationPlatforms) = postSolution
		{848EC814-7179-4EF8-87BD-A92E6546C360}.Debug|x64.ActiveCfg = Debug|x64
		{848EC814-7179-4EF8-87BD-A92E6546C360}.Debug|x64.Build.0 = Debug|x64
		{848EC814-7179-4EF8-87BD-A92E6546C360}.Debug|x86.ActiveCfg = Debug|Win32
		{848EC814-7179-4EF8-87BD-A92E6546C360}.Debug|x86.Build.0 = Debug|Win32
		{848EC814-7179-4EF8-87BD-A92E6546C360}.Release|x64.ActiveCfg = Release|x64
		{848EC814-7179-4EF8-87BD-A92E6546C360}.Release|x64.Build.0 = Release|x64
		{848EC814-7179-4EF8-87BD-A92E6546C360}.Release|x86.ActiveCfg = Release|Win32
		{848EC814-7179-4EF8-87BD-A92E6546C360}.Release|x86.Build.0 = Release|Win32
		{2C2CE535-D83B-4BEA-90E2-CD0375D5CEEC}.Debug|x64.ActiveCfg = Debug|x64
		{2C2CE535-D83B-4BEA-90E2-CD0375D5CEEC}.Debug|x64.Build.0 = Debug|x64
		{2C2CE535-D83B-4BEA-90E2-CD0375D5CEEC}.Debug|x86.ActiveCfg = Debug|Win32
		{2C2CE535-D83B-4BEA-90E2-CD0375D5CEEC}.Debug|x86.Build.0 = Debug|Win32
		{2C2CE535-D83B-4BEA-90E2-CD0375D5CEEC}.Release|x64.ActiveCfg = Release|x64
		{2C2CE535-D83B-4BEA-90E2-CD0375D5CEEC}.Release|x64.Build.0 = Release|x64
		{2C2CE535-D83B-4BEA-90E2-CD0375D5CEEC}.Release|x86.ActiveCfg = Release|Win32
		{2C2CE535-D83B-4BEA-90E2-CD0375D5CEEC}.Release|x86.Build.0 = Release|Win32
		{B53EB5AF-9645-4F67-AF44-B1C3C8015987}.Debug|x64.ActiveCfg = Debug|x64
		{B53EB5AF-9645-4F67-AF44-B1C3C8015987}.Debug|x64.Build.0 = Debug|x64
		{B53EB5AF-9645-4F67-AF44-B1C3C8015987}.Debug|x86.ActiveCfg = Debug|Win32
		{B53EB5AF-9645-4F67-AF44-B1C3C8015987}.Debug|x86.Build.0 = Debug|Win32
		{B53EB5AF-9645-4F67-AF44-B1C3C8015987}.Release|x64.ActiveCfg = Release|x64
		{B53EB5AF-9645-4F67-AF44-B1C3C8015987}.Release|x64.Build.0 = Release|x64
		{B53EB5AF-9645-4F67-AF44-B1C3C8015987}.Release|x86.ActiveCfg = Release|Win32
		{B53EB5AF-9645-4F67-AF44-B1C3C8015987}.Release|x86.Build.0 = Release|Win32
		{372BC07C-0319-4EF7-8A3B-F3B4CCE04332}.Debug|x64.ActiveCfg = Debug|x64
		{372BC07C-0319-4EF7-8A3B-F3B4CCE04332}.Debug|x64.Build.0 = Debug|x64
		{372BC07C-0319-4EF7-8A3B-F3B4CCE04332}.Debug|x86.ActiveCfg = Debug|Win32
		{372BC07C-0319-4EF7-8A3B-F3B4CCE04332}.Debug|x86.Build.0 = Debug|Win32
		{372BC07C-0319-4EF7-8A3B-F3B4CCE04332}.Release|x64.ActiveCfg = Release|x64
		{372BC07C-0319-4EF7-8A3B-F3B4CCE04332}.Release|x64.Build.0 = Release|x64
		{372BC07C-0319-4EF7-8A3B-F3B4CCE04332}.Release|x86.ActiveCfg = Release|Win32
		{372BC07C-0319-4EF7-8A3B-F3B4CCE04332}.Release|x86.Build.0 = Release|Win32
		{40DFF8CA-F53F-4597-A92A-EB86A1ABC09B}.Debug|x64.ActiveCfg = Debug|x64
		{40DFF8CA-F53F-4597-A92A-EB86A1ABC09B}.Debug|x64.Build.0 = Debug|x64
		{40DFF8CA-F53F-4597-A92A-EB86A1ABC09B}.Debug|x86.ActiveCfg = Debug|Win32
		{40DFF8CA-F53F-4597-A92A-EB86A1ABC09B}.Debug|x86.Build.0 = Debug|Win32
		{40DFF8CA-F53F-4597-A92A-EB86A1ABC09B}.Release|x64.ActiveCfg = Release|x64
		{40DFF8CA-F53F-4597-A92A-EB86A1ABC09B}.Release|x64.Build.0 = Release|x64
		{40DFF8CA-F53F-4597-A92A-EB86A1ABC09B}.Release|x86.ActiveCfg = Release|Win32
		{40DFF8CA-F53F-4597-A92A-EB86A1ABC09B}.Release|x86.Build.0 = Release|Win32
		{EF83111C-D8F2-46F2-96DC-6BD3AC332ED2}.Debug|x64.ActiveCfg = Debug|x64
		{EF83111C-D8F2-46F2-96DC-6BD3AC332ED2}.Debug|x64.Build.0 = Debug|x64
		{EF83111C-D8F2-46F2-96DC-6BD3AC332ED2}.Debug|x86.ActiveCfg = Debug|Win32
		{EF83111C-D8F2-46F2-96DC-6BD3AC332ED2}.Debug|x86.Build.0 = Debug|Win32
		{EF83111C-D8F2-46F2-96DC-6BD3AC332ED2}.Release|x64.ActiveCfg = Release|x64
		{EF83111C-D8F2-46F2-96DC-6BD3AC332ED2}.Release|x64.Build.0 = Release|x64
		{EF83111C-D8F2-46F2-96DC-6BD3AC332ED2}.Release|x86.ActiveCfg = Release|Win32
		{EF83111C-D8F2-46F2-96DC-6BD3AC332ED2}.Release|x86.Build.0 = Release|Win32
		{F9A90732-3378-43A8-A249-8EF398735639}.Debug|x64.ActiveCfg = Debug|x64
		{F9A90732-3378-43A8-A249-8EF398735639}.Debug|x64.Build.0 = Debug|x64
		{F9A90732-3378-43A8-A249-8EF398735639}.Debug|x86.ActiveCfg = Debug|Win32
		{F9A90732-3378-43A8-A249-8EF398735639}.Debug|x86.Build.0 = Debug|Win32
		{F9A90732-3378-43A8-A249-8EF398735639}.Release|x64.ActiveCfg = Release|x64
		{F9A90732-3378-43A8-A249-8EF398735639}.Release|x64.Build.0 = Release|x64
		{F9A90732-3378-43A8-A249-8EF398735639}.Release|x86.ActiveCfg = Release|Win32
		{F9A90732-3378-43A8-A249-8EF398735639}.Release|x86.Build.0 = Release|Win32
		{9889A085-21CD-49BB-A71B-09F0BDF4D8E6}.Debug|x64.ActiveCfg = Debug|x64
		{9889A085-21CD-49BB-A71B-09F0BDF4D8E6}.Debug|x64.Build.0 = Debug|x64
		{9889A085-21CD-49BB-A71B-09F0BDF4D8E6}.Debug|x86.ActiveCfg = Debug|Win32
		{9889A085-21CD-49BB-A71B-09F0BDF4D8E6}.Debug|x86.Build.0 = Debug|Win32
		{9889A085-21CD-49BB-A71B-09F0BDF4D8E6}.Release|x64.ActiveCfg = Release|x64
		{9889A085-21CD-49BB-A71B-09F0BDF4D8E6}.Release|x64.Build.0 = Release|x64
		{9889A085-21CD-49BB-A71B-09F0BDF4D8E6}.Release|x86.ActiveCfg = Release|Win32
		{9889A085-21CD-49BB-A71B-09F0BDF4D8E6}.Release|x86.Build.0 = Release|Win32
		{3FF1D80F-B058-4FB8-89A1-A50F912AC321}.Debug|x64.ActiveCfg = Debug|x64
		{3FF1D80F-B058-4FB8-89A1-A50F912AC321}.Debug|x64.Build.0 = Debug|x64
		{3FF1D80F-B058-4FB8-89A1-A50F912AC321}.Debug|x86.ActiveCfg = Debug|Win32
		{3FF1D80F-B058-4FB8-89A1-A50F912AC321}.Debug|x86.Build.0 = Debug|Win32
		{3FF1D80F-B058-4FB8-89A1-A50F912AC321}.Release|x64.ActiveCfg = Release|x64
		{3FF1D80F-B058-4FB8-89A1-A50F912AC321}.Release|x64.Build.0 = Release|x64
		{3FF1D80F-B058-4FB8-89A1-A50F912AC321}.Release|x86.ActiveCfg = Release|Win32
		{3FF1D80F-B058-4FB8-89A1-A50F912AC321}.Release|x86.Build.0 = Release|Win32
		{3AAFAB7A-9089-4CC8-99A9-B9ADB9CDF334}.Debug|x64.ActiveCfg = Debug|x64
		{3AAFAB7A-9089-4CC8-99A9-B9ADB9CDF334}.Debug|x64.Build.0 = Debug|x64
		{3AAFAB7A-9089-4CC8-99A9-B9ADB9CDF334}.Debug|x86.ActiveCfg = Debug|Win32
		{3AAFAB7A-9089-4CC8-99A9-B9ADB9CDF334}.Debug|x86.Build.0 = Debug|Win32
		{3AAFAB7A-9089-4CC8-99A9-B9ADB9CDF334}.Release|x64.ActiveCfg = Release|x64
		{3AAFAB7A-9089-4CC8-99A9-B9ADB9CDF334}.Release|x64.Build.0 = Release|x64
		{3AAFAB7A-9089-4CC8-99A9-B9ADB9CDF334}.Release|x86.ActiveCfg = Release|Win32
		{3AAFAB7A-9089-4CC8-99A9-B9ADB9CDF334}.Release|x86.Build.0 = Release|Win32
		{E16DA78F-843B-4CD2-AA08-2B46D9D9CEFF}.Debug|x64.ActiveCfg = Debug|x64
		{E16DA78F-843B-4CD2-AA08-2B46D9D9CEFF}.Debug|x64.Build.0 = Debug|x64
		{E16DA78F-843B-4CD2-AA08-2B46D9D9CEFF}.Debug|x86.ActiveCfg = Debug|Win32
		{E16DA78F-843B-4CD2-AA08-2B46D9D9CEFF}.Debug|x86.Build.0 = Debug|Win32
		{E16DA78F-843B-4CD2-AA08-2B46D9D9CEFF}.Release|x64.ActiveCfg = Release|x64
		{E16DA78F-843B-4CD2-AA08-2B46D9D9CEFF}.Release|x64.Build.0 = Release|x64
		{E16DA78F-843B-4CD2-AA08-2B46D9D9CEFF}.Release|x86.ActiveCfg = Release|Win32
		{E16DA78F-843B-4CD2-AA08-2B46D9D9CEFF}.Release|x86.Build.0 = Release|Win32
		{6EAB4B7A-A8FD-458F-9271-6E1D2BE944BE}.Debug|x64.ActiveCfg = Debug|x64
		{6EAB4B7A-A8FD-458F-9271-6E1D2BE944BE}.Debug|x64.Build.0 = Debug|x64
		{6EAB4B7A-A8FD-458F-9271-6E1D2BE944BE}.Debug|x86.ActiveCfg = Debug|Win32
		{6EAB4B7A-A8FD-458F-9271-6E1D2BE944BE}.Debug|x86.Build.0 = Debug|Win32
		{6EAB4B7A-A8FD-458F-9271-6E1D2BE944BE}.Release|x64.ActiveCfg = Release|x64
		{6EAB4B7A-A8FD-458F-9271-6E1D2BE944BE}.Release|x64.Build.0 = Release|x64
		{6EAB4B7A-A8FD-458F-9271-6E1D2BE944BE}.Release|x86.ActiveCfg = Release|Win32
		{6EAB4B7A-A8FD-458F-9271-6E1D2BE944BE}.Release|x86.Build.0 = Release|Win32
		{27A1D621-7129-49E6-907D-E677CC066B17}.Debug|x64.ActiveCfg = Debug|x64
		{27A1D621-7129-49E6-907D-E677CC066B17}.Debug|x64.Build.0 = Debug|x64
		{27A1D621-7129-49E6-907D-E677CC066B17}.Debug|x86.ActiveCfg = Debug|Win32
		{27A1D621-7129-49E6-907D-E677CC066B17}.Debug|x86.Build.0 = Debug|Win32
		{27A1D621-7129-49E6-907D-E677CC066B17}.Release|x64.ActiveCfg = Release|x64
		{27A1D621-7129-49E6-907D-E677CC066B17}.Release|x64.Build.0 = Release|x64
		{27A1D621-7129-49E6-907D-E677CC066B17}.Release|x86.ActiveCfg = Release|Win32
		{27A1D621-7129-49E6-907D-E677CC066B17}.Release|x86.Build.0 = Release|Win32
		{6670CA61-9B8B-4DC3-8C70-F3989B687D2F}.Debug|x64.ActiveCfg = Debug|x64
		{6670CA61-9B8B-4DC3-8C70-F3989B687D2F}.Debug|x64.Build.0 = Debug|x64
		{6670CA61-9B8B-4DC3-8C70-F3989B687D2F}.Debug|x86.ActiveCfg = Debug|Win32
		{6670CA61-9B8B-4DC3-8C70-F3989B687D2F}.Debug|x86.Build.0 = Debug|Win32
		{6670CA61-9B8B-4DC3-8C70-F3989B687D2F}.Release|x64.ActiveCfg = Release|x64
		{6670CA61-9B8B-4DC3-8C70-F3989B687D2F}.Release|x64.Build.0 = Release|x64
		{6670CA61-9B8B-4DC3-8C70-F3989B687D2F}.Release|x86.ActiveCfg = Release|Win32
		{6670CA61-9B8B-4DC3-8C70-F3989B687D2F}.Release|x86.Build.0 = Release|Win32
		{ABEBE7ED-FEE9-4765-9506-52080B4966C8}.Debug|x64.ActiveCfg = Debug|x64
		{ABEBE7ED-FEE9-4765-9506-52080B4966C8}.Debug|x64.Build.0 = Debug|x64
		{ABEBE7ED-FEE9-4765-9506-52080B4966C8}.Debug|x86.ActiveCfg = Debug|Win32
		{ABEBE7ED-FEE9-4765-9506-52080B4966C8}.Debug|x86.Build.0 = Debug|Win32
		{ABEBE7ED-FEE9-4765-9506-52080B4966C8}.Release|x64.ActiveCfg = Release|x64
		{ABEBE7ED-FEE9-4765-9506-52080B4966C8}.Release|x64.Build.0 = Release|x64
		{ABEBE7ED-FEE9-4765-9506-52080B4966C8}.Release|x86.ActiveCfg = Release|Win32
		{ABEBE7ED-FEE9-4765-9506-52080B4966C8}.Release|x86.Build.0 = Release|Win32
		{9CEE8985-FA18-44D9-B5E7-04858EF99D6E}.Debug|x64.ActiveCfg = Debug|x64
		{9CEE8985-FA18-44D9-B5E7-04858EF99D6E}.Debug|x64.Build.0 = Debug|x64
		{9CEE8985-FA18-44D9-B5E7-04858EF99D6E}.Debug|x86.ActiveCfg = Debug|Win32
		{9CEE8985-FA18-44D9-B5E7-04858EF99D6E}.Debug|x86.Build.0 = Debug|Win32
		{9CEE8985-FA18-44D9-B5E7-04858EF99D6E}.Release|x64.ActiveCfg = Release|x64
		{9CEE8985-FA18-44D9-B5E7-04858EF99D6E}.Release|x64.Build.0 = Release|x64
		{9CEE8985-FA18-44D9-B5E7-04858EF99D6E}.Release|x86.ActiveCfg = Release|Win32
		{9CEE8985-FA18-44D9-B5E7-04858EF99D6E}.Release|x86.Build.0 = Release|Win32
		{323C3339-08E0-468C-BACF-5937D160315F}.Debug|x64.ActiveCfg = Debug|x64
		{323C3339-08E0-468C-BACF-5937D160315F}.Debug|x64.Build.0 = Debug|x64
		{323C3339-08E0-468C-BACF-5937D160315F}.Debug|x86.ActiveCfg = Debug|Win32
		{323C3339-08E0-468C-BACF-5937D160315F}.Debug|x86.Build.0 = Debug|Win32
		{323C3339-08E0-468C-BACF-5937D160315F}.Release|x64.ActiveCfg = Release|x64
		{323C3339-08E0-468C-BACF-5937D160315F}.Release|x64.Build.0 = Release|x64
		{323C3339-08E0-468C-BACF-5937D160315F}.Release|x86.ActiveCfg = Release|Win32
		{323C3339-08E0-468C-BACF-5937D160315F}.Release|x86.Build.0 = Release|Win32
		{29B656F0-F557-4BDA-B007-BD300B4AEF78}.Debug|x64.ActiveCfg = Debug|x64
		{29B656F0-F557-4BDA-B007-BD300B4AEF78}.Debug|x64.Build.0 = Debug|x64
		{29B656F0-F557-4BDA-B007-BD300B4AEF78}.Debug|x86.ActiveCfg = Debug|Win32
		{29B656F0-F557-4BDA-B007-BD300B4AEF78}.Debug|x86.Build.0 = Debug|Win32
		{29B656F0-F557-4BDA-B007-BD300B4AEF78}.Release|x64.ActiveCfg = Release|x64
		{29B656F0-F557-4BDA-B007-BD300B4AEF78}.Release|x64.Build.0 = Release|x64
		{29B656F0-F557-4BDA-B007-BD300B4AEF78}.Release|x86.ActiveCfg = Release|Win32
		{29B656F0-F557-4BDA-B007-BD300B4AEF78}.Release|x86.Build.0 = Release|Win32
	EndGlobalSection
	GlobalSection(SolutionProperties) = preSolution
		HideSolutionNode = FALSE
	EndGlobalSection
	GlobalSection(ExtensibilityGlobals) = postSolution
		SolutionGuid = {374A1520-5DE6-4E18-B796-ED222C37220B}
	EndGlobalSection
EndGlobal
