
Microsoft Visual Studio Solution File, Format Version 12.00
# Visual Studio Version 17
VisualStudioVersion = 17.11.35312.102
MinimumVisualStudioVersion = 10.0.40219.1
Project("{8BC9CEB8-8B4A-11D0-8D11-00A0C91BC942}") = "project_p", "project_p\project_p.vcxproj", "{848EC814-7179-4EF8-87BD-A92E6546C360}"
EndProject
Project("{8BC9CEB8-8B4A-11D0-8D11-00A0C91BC942}") = "a_1", "a_1\a_1.vcxproj", "{2C2CE535-D83B-4BEA-90E2-CD0375D5CEEC}"
EndProject
Project("{8BC9CEB8-8B4A-11D0-8D11-00A0C91BC942}") = "a_2", "a_2\a_2.vcxproj", "{B53EB5AF-9645-4F67-AF44-B1C3C8015987}"
EndProject
Project("{8BC9CEB8-8B4A-11D0-8D11-00A0C91BC942}") = "a_3", "a_3\a_3.vcxproj", "{372BC07C-0319-4EF7-8A3B-F3B4CCE04332}"
EndProject
Project("{8BC9CEB8-8B4A-11D0-8D11-00A0C91BC942}") = "a_4", "a_04\a_04.vcxproj", "{40DFF8CA-F53F-4597-A92A-EB86A1ABC09B}"
EndProject
Project("{8BC9CEB8-8B4A-11D0-8D11-00A0C91BC942}") = "a_5", "a_5\a_5.vcxproj", "{EF83111C-D8F2-46F2-96DC-6BD3AC332ED2}"
EndProject
Project("{8BC9CEB8-8B4A-11D0-8D11-00A0C91BC942}") = "a_6", "a_6\a_6.vcxproj", "{F9A90732-3378-43A8-A249-8EF398735639}"
EndProject
Project("{8BC9CEB8-8B4A-11D0-8D11-00A0C91BC942}") = "glsl_p_1", "glsl_p_1\glsl_p_1.vcxproj", "{9889A085-21CD-49BB-A71B-09F0BDF4D8E6}"
EndProject
Project("{8BC9CEB8-8B4A-11D0-8D11-00A0C91BC942}") = "glsl_p_2", "glsl_p_2\glsl_p_2.vcxproj", "{3FF1D80F-B058-4FB8-89A1-A50F912AC321}"
EndProject
Project("{8BC9CEB8-8B4A-11D0-8D11-00A0C91BC942}") = "glsl_p_3", "glsl_p_3\glsl_p_3.vcxproj", "{3AAFAB7A-9089-4CC8-99A9-B9ADB9CDF334}"
EndProject
Project("{8BC9CEB8-8B4A-11D0-8D11-00A0C91BC942}") = "a_7", "a_7\a_7.vcxproj", "{E16DA78F-843B-4CD2-AA08-2B46D9D9CEFF}"
EndProject
Project("{8BC9CEB8-8B4A-11D0-8D11-00A0C91BC942}") = "a_8", "a_8\a_8.vcxproj", "{6EAB4B7A-A8FD-458F-9271-6E1D2BE944BE}"
EndProject
Project("{8BC9CEB8-8B4A-11D0-8D11-00A0C91BC942}") = "a_9", "a_9\a_9.vcxproj", "{27A1D621-7129-49E6-907D-E677CC066B17}"
EndProject
Project("{8BC9CEB8-8B4A-11D0-8D11-00A0C91BC942}") = "a_10", "a_10\a_10.vcxproj", "{6670CA61-9B8B-4DC3-8C70-F3989B687D2F}"
EndProject
Project("{8BC9CEB8-8B4A-11D0-8D11-00A0C91BC942}") = "a_11", "a_11\a_11.vcxproj", "{ABEBE7ED-FEE9-4765-9506-52080B4966C8}"
EndProject
Project("{8BC9CEB8-8B4A-11D0-8D11-00A0C91BC942}") = "a_12", "a_12\a_12.vcxproj", "{9CEE8985-FA18-44D9-B5E7-04858EF99D6E}"
EndProject
Project("{8BC9CEB8-8B4A-11D0-8D11-00A0C91BC942}") = "a_3dprac", "a_3dprac\a_3dprac.vcxproj", "{29B656F0-F557-4BDA-B007-BD300B4AEF78}"
EndProject
Project("{8BC9CEB8-8B4A-11D0-8D11-00A0C91BC942}") = "a_13", "a_13\a_13.vcxproj", "{8D359C12-7832-4112-8602-B01C9FDFC09A}"
EndProject
Project("{8BC9CEB8-8B4A-11D0-8D11-00A0C91BC942}") = "default_setting_opengl_1", "default_setting_opengl_1\default_setting_opengl_1.vcxproj", "{17001A46-4CCE-42AA-A791-6F1B48584C50}"
EndProject
Project("{8BC9CEB8-8B4A-11D0-8D11-00A0C91BC942}") = "a_14", "a_14\a_14.vcxproj", "{0AD0ADD9-BCAE-49A2-9AD2-861C46135205}"
EndProject
Project("{8BC9CEB8-8B4A-11D0-8D11-00A0C91BC942}") = "a_15", "a_15\a_15.vcxproj", "{BF63D677-662F-4D20-8772-9FF91C94A629}"
EndProject
Project("{8BC9CEB8-8B4A-11D0-8D11-00A0C91BC942}") = "opengl_template_v1", "opengl_template_v1\opengl_template_v1.vcxproj", "{C42A7BF4-29F1-4412-B45C-9207D3F9CC7F}"
EndProject
Project("{8BC9CEB8-8B4A-11D0-8D11-00A0C91BC942}") = "a_16", "a_16\a_16.vcxproj", "{59584792-0296-403E-ADDA-E3B8ED00DA26}"
EndProject
Project("{8BC9CEB8-8B4A-11D0-8D11-00A0C91BC942}") = "a_17", "a_17\a_17.vcxproj", "{93647408-77E7-46D1-B7D6-4215B4DD97B0}"
EndProject
Project("{8BC9CEB8-8B4A-11D0-8D11-00A0C91BC942}") = "opengl_template_v3", "opengl_template_v3\opengl_template_v3.vcxproj", "{A7E8D919-012E-4C3A-8F41-FD05D3B1D822}"
EndProject
Project("{8BC9CEB8-8B4A-11D0-8D11-00A0C91BC942}") = "a_18", "a_18\a_18.vcxproj", "{C583DE83-9077-40F4-AC86-1D208E661D70}"
EndProject
Project("{8BC9CEB8-8B4A-11D0-8D11-00A0C91BC942}") = "whry", "whry\whry.vcxproj", "{A37E6895-10CF-45C5-8A5C-66768A382E84}"
EndProject
Project("{8BC9CEB8-8B4A-11D0-8D11-00A0C91BC942}") = "a_18_1", "a_18_1\a_18_1.vcxproj", "{9C260578-1EBC-4D70-BF8D-C939334A6818}"
EndProject
Project("{8BC9CEB8-8B4A-11D0-8D11-00A0C91BC942}") = "tex", "tex\tex.vcxproj", "{0A050D4F-B2D9-4E05-97A7-5A8243597894}"
EndProject
Project("{8BC9CEB8-8B4A-11D0-8D11-00A0C91BC942}") = "a_19", "a_19\a_19.vcxproj", "{BB903589-F3EF-43DA-98C2-569A083C3BB4}"
EndProject
Project("{8BC9CEB8-8B4A-11D0-8D11-00A0C91BC942}") = "opengl_template_v4", "opengl_template_v4\opengl_template_v4.vcxproj", "{7B4C9041-66D3-4444-823A-B92247D0054F}"
EndProject
Project("{8BC9CEB8-8B4A-11D0-8D11-00A0C91BC942}") = "a_20", "a_20\a_20.vcxproj", "{66934F15-4F3B-4913-A905-CB607F8706A0}"
EndProject
Project("{8BC9CEB8-8B4A-11D0-8D11-00A0C91BC942}") = "aa", "aa\aa.vcxproj", "{CB7F6855-0C81-4A59-BBDD-0C79EDF9C705}"
EndProject
Project("{8BC9CEB8-8B4A-11D0-8D11-00A0C91BC942}") = "opengl_template_v5", "opengl_template_v5\opengl_template_v5.vcxproj", "{3400A632-0EFD-4C50-839C-C8165EA50F41}"
EndProject
Project("{8BC9CEB8-8B4A-11D0-8D11-00A0C91BC942}") = "a_21", "a_21\a_21.vcxproj", "{FFCD3FF4-A85E-49F4-9FEA-0F38EE2B1945}"
EndProject
Project("{8BC9CEB8-8B4A-11D0-8D11-00A0C91BC942}") = "a_23", "a_23\a_23.vcxproj", "{059A2727-BD3A-4EF0-88A3-EA78444F5C37}"
EndProject
Project("{8BC9CEB8-8B4A-11D0-8D11-00A0C91BC942}") = "a_24", "a_24\a_24.vcxproj", "{626127E1-32C0-4AED-B84F-1CF0BCB6D907}"
EndProject
Global
	GlobalSection(SolutionConfigurationPlatforms) = preSolution
		Debug|ARM64 = Debug|ARM64
		Debug|x64 = Debug|x64
		Debug|x86 = Debug|x86
		Release|ARM64 = Release|ARM64
		Release|x64 = Release|x64
		Release|x86 = Release|x86
	EndGlobalSection
	GlobalSection(ProjectConfigurationPlatforms) = postSolution
		{848EC814-7179-4EF8-87BD-A92E6546C360}.Debug|ARM64.ActiveCfg = Debug|x64
		{848EC814-7179-4EF8-87BD-A92E6546C360}.Debug|ARM64.Build.0 = Debug|x64
		{848EC814-7179-4EF8-87BD-A92E6546C360}.Debug|x64.ActiveCfg = Debug|x64
		{848EC814-7179-4EF8-87BD-A92E6546C360}.Debug|x64.Build.0 = Debug|x64
		{848EC814-7179-4EF8-87BD-A92E6546C360}.Debug|x86.ActiveCfg = Debug|Win32
		{848EC814-7179-4EF8-87BD-A92E6546C360}.Debug|x86.Build.0 = Debug|Win32
		{848EC814-7179-4EF8-87BD-A92E6546C360}.Release|ARM64.ActiveCfg = Release|x64
		{848EC814-7179-4EF8-87BD-A92E6546C360}.Release|ARM64.Build.0 = Release|x64
		{848EC814-7179-4EF8-87BD-A92E6546C360}.Release|x64.ActiveCfg = Release|x64
		{848EC814-7179-4EF8-87BD-A92E6546C360}.Release|x64.Build.0 = Release|x64
		{848EC814-7179-4EF8-87BD-A92E6546C360}.Release|x86.ActiveCfg = Release|Win32
		{848EC814-7179-4EF8-87BD-A92E6546C360}.Release|x86.Build.0 = Release|Win32
		{2C2CE535-D83B-4BEA-90E2-CD0375D5CEEC}.Debug|ARM64.ActiveCfg = Debug|x64
		{2C2CE535-D83B-4BEA-90E2-CD0375D5CEEC}.Debug|ARM64.Build.0 = Debug|x64
		{2C2CE535-D83B-4BEA-90E2-CD0375D5CEEC}.Debug|x64.ActiveCfg = Debug|x64
		{2C2CE535-D83B-4BEA-90E2-CD0375D5CEEC}.Debug|x64.Build.0 = Debug|x64
		{2C2CE535-D83B-4BEA-90E2-CD0375D5CEEC}.Debug|x86.ActiveCfg = Debug|Win32
		{2C2CE535-D83B-4BEA-90E2-CD0375D5CEEC}.Debug|x86.Build.0 = Debug|Win32
		{2C2CE535-D83B-4BEA-90E2-CD0375D5CEEC}.Release|ARM64.ActiveCfg = Release|x64
		{2C2CE535-D83B-4BEA-90E2-CD0375D5CEEC}.Release|ARM64.Build.0 = Release|x64
		{2C2CE535-D83B-4BEA-90E2-CD0375D5CEEC}.Release|x64.ActiveCfg = Release|x64
		{2C2CE535-D83B-4BEA-90E2-CD0375D5CEEC}.Release|x64.Build.0 = Release|x64
		{2C2CE535-D83B-4BEA-90E2-CD0375D5CEEC}.Release|x86.ActiveCfg = Release|Win32
		{2C2CE535-D83B-4BEA-90E2-CD0375D5CEEC}.Release|x86.Build.0 = Release|Win32
		{B53EB5AF-9645-4F67-AF44-B1C3C8015987}.Debug|ARM64.ActiveCfg = Debug|x64
		{B53EB5AF-9645-4F67-AF44-B1C3C8015987}.Debug|ARM64.Build.0 = Debug|x64
		{B53EB5AF-9645-4F67-AF44-B1C3C8015987}.Debug|x64.ActiveCfg = Debug|x64
		{B53EB5AF-9645-4F67-AF44-B1C3C8015987}.Debug|x64.Build.0 = Debug|x64
		{B53EB5AF-9645-4F67-AF44-B1C3C8015987}.Debug|x86.ActiveCfg = Debug|Win32
		{B53EB5AF-9645-4F67-AF44-B1C3C8015987}.Debug|x86.Build.0 = Debug|Win32
		{B53EB5AF-9645-4F67-AF44-B1C3C8015987}.Release|ARM64.ActiveCfg = Release|x64
		{B53EB5AF-9645-4F67-AF44-B1C3C8015987}.Release|ARM64.Build.0 = Release|x64
		{B53EB5AF-9645-4F67-AF44-B1C3C8015987}.Release|x64.ActiveCfg = Release|x64
		{B53EB5AF-9645-4F67-AF44-B1C3C8015987}.Release|x64.Build.0 = Release|x64
		{B53EB5AF-9645-4F67-AF44-B1C3C8015987}.Release|x86.ActiveCfg = Release|Win32
		{B53EB5AF-9645-4F67-AF44-B1C3C8015987}.Release|x86.Build.0 = Release|Win32
		{372BC07C-0319-4EF7-8A3B-F3B4CCE04332}.Debug|ARM64.ActiveCfg = Debug|x64
		{372BC07C-0319-4EF7-8A3B-F3B4CCE04332}.Debug|ARM64.Build.0 = Debug|x64
		{372BC07C-0319-4EF7-8A3B-F3B4CCE04332}.Debug|x64.ActiveCfg = Debug|x64
		{372BC07C-0319-4EF7-8A3B-F3B4CCE04332}.Debug|x64.Build.0 = Debug|x64
		{372BC07C-0319-4EF7-8A3B-F3B4CCE04332}.Debug|x86.ActiveCfg = Debug|Win32
		{372BC07C-0319-4EF7-8A3B-F3B4CCE04332}.Debug|x86.Build.0 = Debug|Win32
		{372BC07C-0319-4EF7-8A3B-F3B4CCE04332}.Release|ARM64.ActiveCfg = Release|x64
		{372BC07C-0319-4EF7-8A3B-F3B4CCE04332}.Release|ARM64.Build.0 = Release|x64
		{372BC07C-0319-4EF7-8A3B-F3B4CCE04332}.Release|x64.ActiveCfg = Release|x64
		{372BC07C-0319-4EF7-8A3B-F3B4CCE04332}.Release|x64.Build.0 = Release|x64
		{372BC07C-0319-4EF7-8A3B-F3B4CCE04332}.Release|x86.ActiveCfg = Release|Win32
		{372BC07C-0319-4EF7-8A3B-F3B4CCE04332}.Release|x86.Build.0 = Release|Win32
		{40DFF8CA-F53F-4597-A92A-EB86A1ABC09B}.Debug|ARM64.ActiveCfg = Debug|x64
		{40DFF8CA-F53F-4597-A92A-EB86A1ABC09B}.Debug|ARM64.Build.0 = Debug|x64
		{40DFF8CA-F53F-4597-A92A-EB86A1ABC09B}.Debug|x64.ActiveCfg = Debug|x64
		{40DFF8CA-F53F-4597-A92A-EB86A1ABC09B}.Debug|x64.Build.0 = Debug|x64
		{40DFF8CA-F53F-4597-A92A-EB86A1ABC09B}.Debug|x86.ActiveCfg = Debug|Win32
		{40DFF8CA-F53F-4597-A92A-EB86A1ABC09B}.Debug|x86.Build.0 = Debug|Win32
		{40DFF8CA-F53F-4597-A92A-EB86A1ABC09B}.Release|ARM64.ActiveCfg = Release|x64
		{40DFF8CA-F53F-4597-A92A-EB86A1ABC09B}.Release|ARM64.Build.0 = Release|x64
		{40DFF8CA-F53F-4597-A92A-EB86A1ABC09B}.Release|x64.ActiveCfg = Release|x64
		{40DFF8CA-F53F-4597-A92A-EB86A1ABC09B}.Release|x64.Build.0 = Release|x64
		{40DFF8CA-F53F-4597-A92A-EB86A1ABC09B}.Release|x86.ActiveCfg = Release|Win32
		{40DFF8CA-F53F-4597-A92A-EB86A1ABC09B}.Release|x86.Build.0 = Release|Win32
		{EF83111C-D8F2-46F2-96DC-6BD3AC332ED2}.Debug|ARM64.ActiveCfg = Debug|x64
		{EF83111C-D8F2-46F2-96DC-6BD3AC332ED2}.Debug|ARM64.Build.0 = Debug|x64
		{EF83111C-D8F2-46F2-96DC-6BD3AC332ED2}.Debug|x64.ActiveCfg = Debug|x64
		{EF83111C-D8F2-46F2-96DC-6BD3AC332ED2}.Debug|x64.Build.0 = Debug|x64
		{EF83111C-D8F2-46F2-96DC-6BD3AC332ED2}.Debug|x86.ActiveCfg = Debug|Win32
		{EF83111C-D8F2-46F2-96DC-6BD3AC332ED2}.Debug|x86.Build.0 = Debug|Win32
		{EF83111C-D8F2-46F2-96DC-6BD3AC332ED2}.Release|ARM64.ActiveCfg = Release|x64
		{EF83111C-D8F2-46F2-96DC-6BD3AC332ED2}.Release|ARM64.Build.0 = Release|x64
		{EF83111C-D8F2-46F2-96DC-6BD3AC332ED2}.Release|x64.ActiveCfg = Release|x64
		{EF83111C-D8F2-46F2-96DC-6BD3AC332ED2}.Release|x64.Build.0 = Release|x64
		{EF83111C-D8F2-46F2-96DC-6BD3AC332ED2}.Release|x86.ActiveCfg = Release|Win32
		{EF83111C-D8F2-46F2-96DC-6BD3AC332ED2}.Release|x86.Build.0 = Release|Win32
		{F9A90732-3378-43A8-A249-8EF398735639}.Debug|ARM64.ActiveCfg = Debug|x64
		{F9A90732-3378-43A8-A249-8EF398735639}.Debug|ARM64.Build.0 = Debug|x64
		{F9A90732-3378-43A8-A249-8EF398735639}.Debug|x64.ActiveCfg = Debug|x64
		{F9A90732-3378-43A8-A249-8EF398735639}.Debug|x64.Build.0 = Debug|x64
		{F9A90732-3378-43A8-A249-8EF398735639}.Debug|x86.ActiveCfg = Debug|Win32
		{F9A90732-3378-43A8-A249-8EF398735639}.Debug|x86.Build.0 = Debug|Win32
		{F9A90732-3378-43A8-A249-8EF398735639}.Release|ARM64.ActiveCfg = Release|x64
		{F9A90732-3378-43A8-A249-8EF398735639}.Release|ARM64.Build.0 = Release|x64
		{F9A90732-3378-43A8-A249-8EF398735639}.Release|x64.ActiveCfg = Release|x64
		{F9A90732-3378-43A8-A249-8EF398735639}.Release|x64.Build.0 = Release|x64
		{F9A90732-3378-43A8-A249-8EF398735639}.Release|x86.ActiveCfg = Release|Win32
		{F9A90732-3378-43A8-A249-8EF398735639}.Release|x86.Build.0 = Release|Win32
		{9889A085-21CD-49BB-A71B-09F0BDF4D8E6}.Debug|ARM64.ActiveCfg = Debug|x64
		{9889A085-21CD-49BB-A71B-09F0BDF4D8E6}.Debug|ARM64.Build.0 = Debug|x64
		{9889A085-21CD-49BB-A71B-09F0BDF4D8E6}.Debug|x64.ActiveCfg = Debug|x64
		{9889A085-21CD-49BB-A71B-09F0BDF4D8E6}.Debug|x64.Build.0 = Debug|x64
		{9889A085-21CD-49BB-A71B-09F0BDF4D8E6}.Debug|x86.ActiveCfg = Debug|Win32
		{9889A085-21CD-49BB-A71B-09F0BDF4D8E6}.Debug|x86.Build.0 = Debug|Win32
		{9889A085-21CD-49BB-A71B-09F0BDF4D8E6}.Release|ARM64.ActiveCfg = Release|x64
		{9889A085-21CD-49BB-A71B-09F0BDF4D8E6}.Release|ARM64.Build.0 = Release|x64
		{9889A085-21CD-49BB-A71B-09F0BDF4D8E6}.Release|x64.ActiveCfg = Release|x64
		{9889A085-21CD-49BB-A71B-09F0BDF4D8E6}.Release|x64.Build.0 = Release|x64
		{9889A085-21CD-49BB-A71B-09F0BDF4D8E6}.Release|x86.ActiveCfg = Release|Win32
		{9889A085-21CD-49BB-A71B-09F0BDF4D8E6}.Release|x86.Build.0 = Release|Win32
		{3FF1D80F-B058-4FB8-89A1-A50F912AC321}.Debug|ARM64.ActiveCfg = Debug|x64
		{3FF1D80F-B058-4FB8-89A1-A50F912AC321}.Debug|ARM64.Build.0 = Debug|x64
		{3FF1D80F-B058-4FB8-89A1-A50F912AC321}.Debug|x64.ActiveCfg = Debug|x64
		{3FF1D80F-B058-4FB8-89A1-A50F912AC321}.Debug|x64.Build.0 = Debug|x64
		{3FF1D80F-B058-4FB8-89A1-A50F912AC321}.Debug|x86.ActiveCfg = Debug|Win32
		{3FF1D80F-B058-4FB8-89A1-A50F912AC321}.Debug|x86.Build.0 = Debug|Win32
		{3FF1D80F-B058-4FB8-89A1-A50F912AC321}.Release|ARM64.ActiveCfg = Release|x64
		{3FF1D80F-B058-4FB8-89A1-A50F912AC321}.Release|ARM64.Build.0 = Release|x64
		{3FF1D80F-B058-4FB8-89A1-A50F912AC321}.Release|x64.ActiveCfg = Release|x64
		{3FF1D80F-B058-4FB8-89A1-A50F912AC321}.Release|x64.Build.0 = Release|x64
		{3FF1D80F-B058-4FB8-89A1-A50F912AC321}.Release|x86.ActiveCfg = Release|Win32
		{3FF1D80F-B058-4FB8-89A1-A50F912AC321}.Release|x86.Build.0 = Release|Win32
		{3AAFAB7A-9089-4CC8-99A9-B9ADB9CDF334}.Debug|ARM64.ActiveCfg = Debug|x64
		{3AAFAB7A-9089-4CC8-99A9-B9ADB9CDF334}.Debug|ARM64.Build.0 = Debug|x64
		{3AAFAB7A-9089-4CC8-99A9-B9ADB9CDF334}.Debug|x64.ActiveCfg = Debug|x64
		{3AAFAB7A-9089-4CC8-99A9-B9ADB9CDF334}.Debug|x64.Build.0 = Debug|x64
		{3AAFAB7A-9089-4CC8-99A9-B9ADB9CDF334}.Debug|x86.ActiveCfg = Debug|Win32
		{3AAFAB7A-9089-4CC8-99A9-B9ADB9CDF334}.Debug|x86.Build.0 = Debug|Win32
		{3AAFAB7A-9089-4CC8-99A9-B9ADB9CDF334}.Release|ARM64.ActiveCfg = Release|x64
		{3AAFAB7A-9089-4CC8-99A9-B9ADB9CDF334}.Release|ARM64.Build.0 = Release|x64
		{3AAFAB7A-9089-4CC8-99A9-B9ADB9CDF334}.Release|x64.ActiveCfg = Release|x64
		{3AAFAB7A-9089-4CC8-99A9-B9ADB9CDF334}.Release|x64.Build.0 = Release|x64
		{3AAFAB7A-9089-4CC8-99A9-B9ADB9CDF334}.Release|x86.ActiveCfg = Release|Win32
		{3AAFAB7A-9089-4CC8-99A9-B9ADB9CDF334}.Release|x86.Build.0 = Release|Win32
		{E16DA78F-843B-4CD2-AA08-2B46D9D9CEFF}.Debug|ARM64.ActiveCfg = Debug|x64
		{E16DA78F-843B-4CD2-AA08-2B46D9D9CEFF}.Debug|ARM64.Build.0 = Debug|x64
		{E16DA78F-843B-4CD2-AA08-2B46D9D9CEFF}.Debug|x64.ActiveCfg = Debug|x64
		{E16DA78F-843B-4CD2-AA08-2B46D9D9CEFF}.Debug|x64.Build.0 = Debug|x64
		{E16DA78F-843B-4CD2-AA08-2B46D9D9CEFF}.Debug|x86.ActiveCfg = Debug|Win32
		{E16DA78F-843B-4CD2-AA08-2B46D9D9CEFF}.Debug|x86.Build.0 = Debug|Win32
		{E16DA78F-843B-4CD2-AA08-2B46D9D9CEFF}.Release|ARM64.ActiveCfg = Release|x64
		{E16DA78F-843B-4CD2-AA08-2B46D9D9CEFF}.Release|ARM64.Build.0 = Release|x64
		{E16DA78F-843B-4CD2-AA08-2B46D9D9CEFF}.Release|x64.ActiveCfg = Release|x64
		{E16DA78F-843B-4CD2-AA08-2B46D9D9CEFF}.Release|x64.Build.0 = Release|x64
		{E16DA78F-843B-4CD2-AA08-2B46D9D9CEFF}.Release|x86.ActiveCfg = Release|Win32
		{E16DA78F-843B-4CD2-AA08-2B46D9D9CEFF}.Release|x86.Build.0 = Release|Win32
		{6EAB4B7A-A8FD-458F-9271-6E1D2BE944BE}.Debug|ARM64.ActiveCfg = Debug|x64
		{6EAB4B7A-A8FD-458F-9271-6E1D2BE944BE}.Debug|ARM64.Build.0 = Debug|x64
		{6EAB4B7A-A8FD-458F-9271-6E1D2BE944BE}.Debug|x64.ActiveCfg = Debug|x64
		{6EAB4B7A-A8FD-458F-9271-6E1D2BE944BE}.Debug|x64.Build.0 = Debug|x64
		{6EAB4B7A-A8FD-458F-9271-6E1D2BE944BE}.Debug|x86.ActiveCfg = Debug|Win32
		{6EAB4B7A-A8FD-458F-9271-6E1D2BE944BE}.Debug|x86.Build.0 = Debug|Win32
		{6EAB4B7A-A8FD-458F-9271-6E1D2BE944BE}.Release|ARM64.ActiveCfg = Release|x64
		{6EAB4B7A-A8FD-458F-9271-6E1D2BE944BE}.Release|ARM64.Build.0 = Release|x64
		{6EAB4B7A-A8FD-458F-9271-6E1D2BE944BE}.Release|x64.ActiveCfg = Release|x64
		{6EAB4B7A-A8FD-458F-9271-6E1D2BE944BE}.Release|x64.Build.0 = Release|x64
		{6EAB4B7A-A8FD-458F-9271-6E1D2BE944BE}.Release|x86.ActiveCfg = Release|Win32
		{6EAB4B7A-A8FD-458F-9271-6E1D2BE944BE}.Release|x86.Build.0 = Release|Win32
		{27A1D621-7129-49E6-907D-E677CC066B17}.Debug|ARM64.ActiveCfg = Debug|x64
		{27A1D621-7129-49E6-907D-E677CC066B17}.Debug|ARM64.Build.0 = Debug|x64
		{27A1D621-7129-49E6-907D-E677CC066B17}.Debug|x64.ActiveCfg = Debug|x64
		{27A1D621-7129-49E6-907D-E677CC066B17}.Debug|x64.Build.0 = Debug|x64
		{27A1D621-7129-49E6-907D-E677CC066B17}.Debug|x86.ActiveCfg = Debug|Win32
		{27A1D621-7129-49E6-907D-E677CC066B17}.Debug|x86.Build.0 = Debug|Win32
		{27A1D621-7129-49E6-907D-E677CC066B17}.Release|ARM64.ActiveCfg = Release|x64
		{27A1D621-7129-49E6-907D-E677CC066B17}.Release|ARM64.Build.0 = Release|x64
		{27A1D621-7129-49E6-907D-E677CC066B17}.Release|x64.ActiveCfg = Release|x64
		{27A1D621-7129-49E6-907D-E677CC066B17}.Release|x64.Build.0 = Release|x64
		{27A1D621-7129-49E6-907D-E677CC066B17}.Release|x86.ActiveCfg = Release|Win32
		{27A1D621-7129-49E6-907D-E677CC066B17}.Release|x86.Build.0 = Release|Win32
		{6670CA61-9B8B-4DC3-8C70-F3989B687D2F}.Debug|ARM64.ActiveCfg = Debug|x64
		{6670CA61-9B8B-4DC3-8C70-F3989B687D2F}.Debug|ARM64.Build.0 = Debug|x64
		{6670CA61-9B8B-4DC3-8C70-F3989B687D2F}.Debug|x64.ActiveCfg = Debug|x64
		{6670CA61-9B8B-4DC3-8C70-F3989B687D2F}.Debug|x64.Build.0 = Debug|x64
		{6670CA61-9B8B-4DC3-8C70-F3989B687D2F}.Debug|x86.ActiveCfg = Debug|Win32
		{6670CA61-9B8B-4DC3-8C70-F3989B687D2F}.Debug|x86.Build.0 = Debug|Win32
		{6670CA61-9B8B-4DC3-8C70-F3989B687D2F}.Release|ARM64.ActiveCfg = Release|x64
		{6670CA61-9B8B-4DC3-8C70-F3989B687D2F}.Release|ARM64.Build.0 = Release|x64
		{6670CA61-9B8B-4DC3-8C70-F3989B687D2F}.Release|x64.ActiveCfg = Release|x64
		{6670CA61-9B8B-4DC3-8C70-F3989B687D2F}.Release|x64.Build.0 = Release|x64
		{6670CA61-9B8B-4DC3-8C70-F3989B687D2F}.Release|x86.ActiveCfg = Release|Win32
		{6670CA61-9B8B-4DC3-8C70-F3989B687D2F}.Release|x86.Build.0 = Release|Win32
		{ABEBE7ED-FEE9-4765-9506-52080B4966C8}.Debug|ARM64.ActiveCfg = Debug|x64
		{ABEBE7ED-FEE9-4765-9506-52080B4966C8}.Debug|ARM64.Build.0 = Debug|x64
		{ABEBE7ED-FEE9-4765-9506-52080B4966C8}.Debug|x64.ActiveCfg = Debug|x64
		{ABEBE7ED-FEE9-4765-9506-52080B4966C8}.Debug|x64.Build.0 = Debug|x64
		{ABEBE7ED-FEE9-4765-9506-52080B4966C8}.Debug|x86.ActiveCfg = Debug|Win32
		{ABEBE7ED-FEE9-4765-9506-52080B4966C8}.Debug|x86.Build.0 = Debug|Win32
		{ABEBE7ED-FEE9-4765-9506-52080B4966C8}.Release|ARM64.ActiveCfg = Release|x64
		{ABEBE7ED-FEE9-4765-9506-52080B4966C8}.Release|ARM64.Build.0 = Release|x64
		{ABEBE7ED-FEE9-4765-9506-52080B4966C8}.Release|x64.ActiveCfg = Release|x64
		{ABEBE7ED-FEE9-4765-9506-52080B4966C8}.Release|x64.Build.0 = Release|x64
		{ABEBE7ED-FEE9-4765-9506-52080B4966C8}.Release|x86.ActiveCfg = Release|Win32
		{ABEBE7ED-FEE9-4765-9506-52080B4966C8}.Release|x86.Build.0 = Release|Win32
		{9CEE8985-FA18-44D9-B5E7-04858EF99D6E}.Debug|ARM64.ActiveCfg = Debug|x64
		{9CEE8985-FA18-44D9-B5E7-04858EF99D6E}.Debug|ARM64.Build.0 = Debug|x64
		{9CEE8985-FA18-44D9-B5E7-04858EF99D6E}.Debug|x64.ActiveCfg = Debug|x64
		{9CEE8985-FA18-44D9-B5E7-04858EF99D6E}.Debug|x64.Build.0 = Debug|x64
		{9CEE8985-FA18-44D9-B5E7-04858EF99D6E}.Debug|x86.ActiveCfg = Debug|Win32
		{9CEE8985-FA18-44D9-B5E7-04858EF99D6E}.Debug|x86.Build.0 = Debug|Win32
		{9CEE8985-FA18-44D9-B5E7-04858EF99D6E}.Release|ARM64.ActiveCfg = Release|x64
		{9CEE8985-FA18-44D9-B5E7-04858EF99D6E}.Release|ARM64.Build.0 = Release|x64
		{9CEE8985-FA18-44D9-B5E7-04858EF99D6E}.Release|x64.ActiveCfg = Release|x64
		{9CEE8985-FA18-44D9-B5E7-04858EF99D6E}.Release|x64.Build.0 = Release|x64
		{9CEE8985-FA18-44D9-B5E7-04858EF99D6E}.Release|x86.ActiveCfg = Release|Win32
		{9CEE8985-FA18-44D9-B5E7-04858EF99D6E}.Release|x86.Build.0 = Release|Win32
		{29B656F0-F557-4BDA-B007-BD300B4AEF78}.Debug|ARM64.ActiveCfg = Debug|x64
		{29B656F0-F557-4BDA-B007-BD300B4AEF78}.Debug|ARM64.Build.0 = Debug|x64
		{29B656F0-F557-4BDA-B007-BD300B4AEF78}.Debug|x64.ActiveCfg = Debug|x64
		{29B656F0-F557-4BDA-B007-BD300B4AEF78}.Debug|x64.Build.0 = Debug|x64
		{29B656F0-F557-4BDA-B007-BD300B4AEF78}.Debug|x86.ActiveCfg = Debug|Win32
		{29B656F0-F557-4BDA-B007-BD300B4AEF78}.Debug|x86.Build.0 = Debug|Win32
		{29B656F0-F557-4BDA-B007-BD300B4AEF78}.Release|ARM64.ActiveCfg = Release|x64
		{29B656F0-F557-4BDA-B007-BD300B4AEF78}.Release|ARM64.Build.0 = Release|x64
		{29B656F0-F557-4BDA-B007-BD300B4AEF78}.Release|x64.ActiveCfg = Release|x64
		{29B656F0-F557-4BDA-B007-BD300B4AEF78}.Release|x64.Build.0 = Release|x64
		{29B656F0-F557-4BDA-B007-BD300B4AEF78}.Release|x86.ActiveCfg = Release|Win32
		{29B656F0-F557-4BDA-B007-BD300B4AEF78}.Release|x86.Build.0 = Release|Win32
		{8D359C12-7832-4112-8602-B01C9FDFC09A}.Debug|ARM64.ActiveCfg = Debug|x64
		{8D359C12-7832-4112-8602-B01C9FDFC09A}.Debug|ARM64.Build.0 = Debug|x64
		{8D359C12-7832-4112-8602-B01C9FDFC09A}.Debug|x64.ActiveCfg = Debug|x64
		{8D359C12-7832-4112-8602-B01C9FDFC09A}.Debug|x64.Build.0 = Debug|x64
		{8D359C12-7832-4112-8602-B01C9FDFC09A}.Debug|x86.ActiveCfg = Debug|Win32
		{8D359C12-7832-4112-8602-B01C9FDFC09A}.Debug|x86.Build.0 = Debug|Win32
		{8D359C12-7832-4112-8602-B01C9FDFC09A}.Release|ARM64.ActiveCfg = Release|x64
		{8D359C12-7832-4112-8602-B01C9FDFC09A}.Release|ARM64.Build.0 = Release|x64
		{8D359C12-7832-4112-8602-B01C9FDFC09A}.Release|x64.ActiveCfg = Release|x64
		{8D359C12-7832-4112-8602-B01C9FDFC09A}.Release|x64.Build.0 = Release|x64
		{8D359C12-7832-4112-8602-B01C9FDFC09A}.Release|x86.ActiveCfg = Release|Win32
		{8D359C12-7832-4112-8602-B01C9FDFC09A}.Release|x86.Build.0 = Release|Win32
		{17001A46-4CCE-42AA-A791-6F1B48584C50}.Debug|ARM64.ActiveCfg = Debug|x64
		{17001A46-4CCE-42AA-A791-6F1B48584C50}.Debug|ARM64.Build.0 = Debug|x64
		{17001A46-4CCE-42AA-A791-6F1B48584C50}.Debug|x64.ActiveCfg = Debug|x64
		{17001A46-4CCE-42AA-A791-6F1B48584C50}.Debug|x64.Build.0 = Debug|x64
		{17001A46-4CCE-42AA-A791-6F1B48584C50}.Debug|x86.ActiveCfg = Debug|Win32
		{17001A46-4CCE-42AA-A791-6F1B48584C50}.Debug|x86.Build.0 = Debug|Win32
		{17001A46-4CCE-42AA-A791-6F1B48584C50}.Release|ARM64.ActiveCfg = Release|x64
		{17001A46-4CCE-42AA-A791-6F1B48584C50}.Release|ARM64.Build.0 = Release|x64
		{17001A46-4CCE-42AA-A791-6F1B48584C50}.Release|x64.ActiveCfg = Release|x64
		{17001A46-4CCE-42AA-A791-6F1B48584C50}.Release|x64.Build.0 = Release|x64
		{17001A46-4CCE-42AA-A791-6F1B48584C50}.Release|x86.ActiveCfg = Release|Win32
		{17001A46-4CCE-42AA-A791-6F1B48584C50}.Release|x86.Build.0 = Release|Win32
		{0AD0ADD9-BCAE-49A2-9AD2-861C46135205}.Debug|ARM64.ActiveCfg = Debug|x64
		{0AD0ADD9-BCAE-49A2-9AD2-861C46135205}.Debug|ARM64.Build.0 = Debug|x64
		{0AD0ADD9-BCAE-49A2-9AD2-861C46135205}.Debug|x64.ActiveCfg = Debug|x64
		{0AD0ADD9-BCAE-49A2-9AD2-861C46135205}.Debug|x64.Build.0 = Debug|x64
		{0AD0ADD9-BCAE-49A2-9AD2-861C46135205}.Debug|x86.ActiveCfg = Debug|Win32
		{0AD0ADD9-BCAE-49A2-9AD2-861C46135205}.Debug|x86.Build.0 = Debug|Win32
		{0AD0ADD9-BCAE-49A2-9AD2-861C46135205}.Release|ARM64.ActiveCfg = Release|x64
		{0AD0ADD9-BCAE-49A2-9AD2-861C46135205}.Release|ARM64.Build.0 = Release|x64
		{0AD0ADD9-BCAE-49A2-9AD2-861C46135205}.Release|x64.ActiveCfg = Release|x64
		{0AD0ADD9-BCAE-49A2-9AD2-861C46135205}.Release|x64.Build.0 = Release|x64
		{0AD0ADD9-BCAE-49A2-9AD2-861C46135205}.Release|x86.ActiveCfg = Release|Win32
		{0AD0ADD9-BCAE-49A2-9AD2-861C46135205}.Release|x86.Build.0 = Release|Win32
		{BF63D677-662F-4D20-8772-9FF91C94A629}.Debug|ARM64.ActiveCfg = Debug|x64
		{BF63D677-662F-4D20-8772-9FF91C94A629}.Debug|ARM64.Build.0 = Debug|x64
		{BF63D677-662F-4D20-8772-9FF91C94A629}.Debug|x64.ActiveCfg = Debug|x64
		{BF63D677-662F-4D20-8772-9FF91C94A629}.Debug|x64.Build.0 = Debug|x64
		{BF63D677-662F-4D20-8772-9FF91C94A629}.Debug|x86.ActiveCfg = Debug|Win32
		{BF63D677-662F-4D20-8772-9FF91C94A629}.Debug|x86.Build.0 = Debug|Win32
		{BF63D677-662F-4D20-8772-9FF91C94A629}.Release|ARM64.ActiveCfg = Release|x64
		{BF63D677-662F-4D20-8772-9FF91C94A629}.Release|ARM64.Build.0 = Release|x64
		{BF63D677-662F-4D20-8772-9FF91C94A629}.Release|x64.ActiveCfg = Release|x64
		{BF63D677-662F-4D20-8772-9FF91C94A629}.Release|x64.Build.0 = Release|x64
		{BF63D677-662F-4D20-8772-9FF91C94A629}.Release|x86.ActiveCfg = Release|Win32
		{BF63D677-662F-4D20-8772-9FF91C94A629}.Release|x86.Build.0 = Release|Win32
		{C42A7BF4-29F1-4412-B45C-9207D3F9CC7F}.Debug|ARM64.ActiveCfg = Debug|x64
		{C42A7BF4-29F1-4412-B45C-9207D3F9CC7F}.Debug|ARM64.Build.0 = Debug|x64
		{C42A7BF4-29F1-4412-B45C-9207D3F9CC7F}.Debug|x64.ActiveCfg = Debug|x64
		{C42A7BF4-29F1-4412-B45C-9207D3F9CC7F}.Debug|x64.Build.0 = Debug|x64
		{C42A7BF4-29F1-4412-B45C-9207D3F9CC7F}.Debug|x86.ActiveCfg = Debug|Win32
		{C42A7BF4-29F1-4412-B45C-9207D3F9CC7F}.Debug|x86.Build.0 = Debug|Win32
		{C42A7BF4-29F1-4412-B45C-9207D3F9CC7F}.Release|ARM64.ActiveCfg = Release|x64
		{C42A7BF4-29F1-4412-B45C-9207D3F9CC7F}.Release|ARM64.Build.0 = Release|x64
		{C42A7BF4-29F1-4412-B45C-9207D3F9CC7F}.Release|x64.ActiveCfg = Release|x64
		{C42A7BF4-29F1-4412-B45C-9207D3F9CC7F}.Release|x64.Build.0 = Release|x64
		{C42A7BF4-29F1-4412-B45C-9207D3F9CC7F}.Release|x86.ActiveCfg = Release|Win32
		{C42A7BF4-29F1-4412-B45C-9207D3F9CC7F}.Release|x86.Build.0 = Release|Win32
		{59584792-0296-403E-ADDA-E3B8ED00DA26}.Debug|ARM64.ActiveCfg = Debug|x64
		{59584792-0296-403E-ADDA-E3B8ED00DA26}.Debug|ARM64.Build.0 = Debug|x64
		{59584792-0296-403E-ADDA-E3B8ED00DA26}.Debug|x64.ActiveCfg = Debug|x64
		{59584792-0296-403E-ADDA-E3B8ED00DA26}.Debug|x64.Build.0 = Debug|x64
		{59584792-0296-403E-ADDA-E3B8ED00DA26}.Debug|x86.ActiveCfg = Debug|Win32
		{59584792-0296-403E-ADDA-E3B8ED00DA26}.Debug|x86.Build.0 = Debug|Win32
		{59584792-0296-403E-ADDA-E3B8ED00DA26}.Release|ARM64.ActiveCfg = Release|x64
		{59584792-0296-403E-ADDA-E3B8ED00DA26}.Release|ARM64.Build.0 = Release|x64
		{59584792-0296-403E-ADDA-E3B8ED00DA26}.Release|x64.ActiveCfg = Release|x64
		{59584792-0296-403E-ADDA-E3B8ED00DA26}.Release|x64.Build.0 = Release|x64
		{59584792-0296-403E-ADDA-E3B8ED00DA26}.Release|x86.ActiveCfg = Release|Win32
		{59584792-0296-403E-ADDA-E3B8ED00DA26}.Release|x86.Build.0 = Release|Win32
		{93647408-77E7-46D1-B7D6-4215B4DD97B0}.Debug|ARM64.ActiveCfg = Debug|x64
		{93647408-77E7-46D1-B7D6-4215B4DD97B0}.Debug|ARM64.Build.0 = Debug|x64
		{93647408-77E7-46D1-B7D6-4215B4DD97B0}.Debug|x64.ActiveCfg = Debug|x64
		{93647408-77E7-46D1-B7D6-4215B4DD97B0}.Debug|x64.Build.0 = Debug|x64
		{93647408-77E7-46D1-B7D6-4215B4DD97B0}.Debug|x86.ActiveCfg = Debug|Win32
		{93647408-77E7-46D1-B7D6-4215B4DD97B0}.Debug|x86.Build.0 = Debug|Win32
		{93647408-77E7-46D1-B7D6-4215B4DD97B0}.Release|ARM64.ActiveCfg = Release|x64
		{93647408-77E7-46D1-B7D6-4215B4DD97B0}.Release|ARM64.Build.0 = Release|x64
		{93647408-77E7-46D1-B7D6-4215B4DD97B0}.Release|x64.ActiveCfg = Release|x64
		{93647408-77E7-46D1-B7D6-4215B4DD97B0}.Release|x64.Build.0 = Release|x64
		{93647408-77E7-46D1-B7D6-4215B4DD97B0}.Release|x86.ActiveCfg = Release|Win32
		{93647408-77E7-46D1-B7D6-4215B4DD97B0}.Release|x86.Build.0 = Release|Win32
		{A7E8D919-012E-4C3A-8F41-FD05D3B1D822}.Debug|ARM64.ActiveCfg = Debug|x64
		{A7E8D919-012E-4C3A-8F41-FD05D3B1D822}.Debug|ARM64.Build.0 = Debug|x64
		{A7E8D919-012E-4C3A-8F41-FD05D3B1D822}.Debug|x64.ActiveCfg = Debug|x64
		{A7E8D919-012E-4C3A-8F41-FD05D3B1D822}.Debug|x64.Build.0 = Debug|x64
		{A7E8D919-012E-4C3A-8F41-FD05D3B1D822}.Debug|x86.ActiveCfg = Debug|Win32
		{A7E8D919-012E-4C3A-8F41-FD05D3B1D822}.Debug|x86.Build.0 = Debug|Win32
		{A7E8D919-012E-4C3A-8F41-FD05D3B1D822}.Release|ARM64.ActiveCfg = Release|x64
		{A7E8D919-012E-4C3A-8F41-FD05D3B1D822}.Release|ARM64.Build.0 = Release|x64
		{A7E8D919-012E-4C3A-8F41-FD05D3B1D822}.Release|x64.ActiveCfg = Release|x64
		{A7E8D919-012E-4C3A-8F41-FD05D3B1D822}.Release|x64.Build.0 = Release|x64
		{A7E8D919-012E-4C3A-8F41-FD05D3B1D822}.Release|x86.ActiveCfg = Release|Win32
		{A7E8D919-012E-4C3A-8F41-FD05D3B1D822}.Release|x86.Build.0 = Release|Win32
		{C583DE83-9077-40F4-AC86-1D208E661D70}.Debug|ARM64.ActiveCfg = Debug|x64
		{C583DE83-9077-40F4-AC86-1D208E661D70}.Debug|ARM64.Build.0 = Debug|x64
		{C583DE83-9077-40F4-AC86-1D208E661D70}.Debug|x64.ActiveCfg = Debug|x64
		{C583DE83-9077-40F4-AC86-1D208E661D70}.Debug|x64.Build.0 = Debug|x64
		{C583DE83-9077-40F4-AC86-1D208E661D70}.Debug|x86.ActiveCfg = Debug|Win32
		{C583DE83-9077-40F4-AC86-1D208E661D70}.Debug|x86.Build.0 = Debug|Win32
		{C583DE83-9077-40F4-AC86-1D208E661D70}.Release|ARM64.ActiveCfg = Release|x64
		{C583DE83-9077-40F4-AC86-1D208E661D70}.Release|ARM64.Build.0 = Release|x64
		{C583DE83-9077-40F4-AC86-1D208E661D70}.Release|x64.ActiveCfg = Release|x64
		{C583DE83-9077-40F4-AC86-1D208E661D70}.Release|x64.Build.0 = Release|x64
		{C583DE83-9077-40F4-AC86-1D208E661D70}.Release|x86.ActiveCfg = Release|Win32
		{C583DE83-9077-40F4-AC86-1D208E661D70}.Release|x86.Build.0 = Release|Win32
		{A37E6895-10CF-45C5-8A5C-66768A382E84}.Debug|ARM64.ActiveCfg = Debug|x64
		{A37E6895-10CF-45C5-8A5C-66768A382E84}.Debug|ARM64.Build.0 = Debug|x64
		{A37E6895-10CF-45C5-8A5C-66768A382E84}.Debug|x64.ActiveCfg = Debug|x64
		{A37E6895-10CF-45C5-8A5C-66768A382E84}.Debug|x64.Build.0 = Debug|x64
		{A37E6895-10CF-45C5-8A5C-66768A382E84}.Debug|x86.ActiveCfg = Debug|Win32
		{A37E6895-10CF-45C5-8A5C-66768A382E84}.Debug|x86.Build.0 = Debug|Win32
		{A37E6895-10CF-45C5-8A5C-66768A382E84}.Release|ARM64.ActiveCfg = Release|x64
		{A37E6895-10CF-45C5-8A5C-66768A382E84}.Release|ARM64.Build.0 = Release|x64
		{A37E6895-10CF-45C5-8A5C-66768A382E84}.Release|x64.ActiveCfg = Release|x64
		{A37E6895-10CF-45C5-8A5C-66768A382E84}.Release|x64.Build.0 = Release|x64
		{A37E6895-10CF-45C5-8A5C-66768A382E84}.Release|x86.ActiveCfg = Release|Win32
		{A37E6895-10CF-45C5-8A5C-66768A382E84}.Release|x86.Build.0 = Release|Win32
		{9C260578-1EBC-4D70-BF8D-C939334A6818}.Debug|ARM64.ActiveCfg = Debug|x64
		{9C260578-1EBC-4D70-BF8D-C939334A6818}.Debug|ARM64.Build.0 = Debug|x64
		{9C260578-1EBC-4D70-BF8D-C939334A6818}.Debug|x64.ActiveCfg = Debug|x64
		{9C260578-1EBC-4D70-BF8D-C939334A6818}.Debug|x64.Build.0 = Debug|x64
		{9C260578-1EBC-4D70-BF8D-C939334A6818}.Debug|x86.ActiveCfg = Debug|Win32
		{9C260578-1EBC-4D70-BF8D-C939334A6818}.Debug|x86.Build.0 = Debug|Win32
		{9C260578-1EBC-4D70-BF8D-C939334A6818}.Release|ARM64.ActiveCfg = Release|x64
		{9C260578-1EBC-4D70-BF8D-C939334A6818}.Release|ARM64.Build.0 = Release|x64
		{9C260578-1EBC-4D70-BF8D-C939334A6818}.Release|x64.ActiveCfg = Release|x64
		{9C260578-1EBC-4D70-BF8D-C939334A6818}.Release|x64.Build.0 = Release|x64
		{9C260578-1EBC-4D70-BF8D-C939334A6818}.Release|x86.ActiveCfg = Release|Win32
		{9C260578-1EBC-4D70-BF8D-C939334A6818}.Release|x86.Build.0 = Release|Win32
		{0A050D4F-B2D9-4E05-97A7-5A8243597894}.Debug|ARM64.ActiveCfg = Debug|x64
		{0A050D4F-B2D9-4E05-97A7-5A8243597894}.Debug|ARM64.Build.0 = Debug|x64
		{0A050D4F-B2D9-4E05-97A7-5A8243597894}.Debug|x64.ActiveCfg = Debug|x64
		{0A050D4F-B2D9-4E05-97A7-5A8243597894}.Debug|x64.Build.0 = Debug|x64
		{0A050D4F-B2D9-4E05-97A7-5A8243597894}.Debug|x86.ActiveCfg = Debug|Win32
		{0A050D4F-B2D9-4E05-97A7-5A8243597894}.Debug|x86.Build.0 = Debug|Win32
		{0A050D4F-B2D9-4E05-97A7-5A8243597894}.Release|ARM64.ActiveCfg = Release|x64
		{0A050D4F-B2D9-4E05-97A7-5A8243597894}.Release|ARM64.Build.0 = Release|x64
		{0A050D4F-B2D9-4E05-97A7-5A8243597894}.Release|x64.ActiveCfg = Release|x64
		{0A050D4F-B2D9-4E05-97A7-5A8243597894}.Release|x64.Build.0 = Release|x64
		{0A050D4F-B2D9-4E05-97A7-5A8243597894}.Release|x86.ActiveCfg = Release|Win32
		{0A050D4F-B2D9-4E05-97A7-5A8243597894}.Release|x86.Build.0 = Release|Win32
		{BB903589-F3EF-43DA-98C2-569A083C3BB4}.Debug|ARM64.ActiveCfg = Debug|x64
		{BB903589-F3EF-43DA-98C2-569A083C3BB4}.Debug|ARM64.Build.0 = Debug|x64
		{BB903589-F3EF-43DA-98C2-569A083C3BB4}.Debug|x64.ActiveCfg = Debug|x64
		{BB903589-F3EF-43DA-98C2-569A083C3BB4}.Debug|x64.Build.0 = Debug|x64
		{BB903589-F3EF-43DA-98C2-569A083C3BB4}.Debug|x86.ActiveCfg = Debug|Win32
		{BB903589-F3EF-43DA-98C2-569A083C3BB4}.Debug|x86.Build.0 = Debug|Win32
		{BB903589-F3EF-43DA-98C2-569A083C3BB4}.Release|ARM64.ActiveCfg = Release|x64
		{BB903589-F3EF-43DA-98C2-569A083C3BB4}.Release|ARM64.Build.0 = Release|x64
		{BB903589-F3EF-43DA-98C2-569A083C3BB4}.Release|x64.ActiveCfg = Release|x64
		{BB903589-F3EF-43DA-98C2-569A083C3BB4}.Release|x64.Build.0 = Release|x64
		{BB903589-F3EF-43DA-98C2-569A083C3BB4}.Release|x86.ActiveCfg = Release|Win32
		{BB903589-F3EF-43DA-98C2-569A083C3BB4}.Release|x86.Build.0 = Release|Win32
		{7B4C9041-66D3-4444-823A-B92247D0054F}.Debug|ARM64.ActiveCfg = Debug|x64
		{7B4C9041-66D3-4444-823A-B92247D0054F}.Debug|ARM64.Build.0 = Debug|x64
		{7B4C9041-66D3-4444-823A-B92247D0054F}.Debug|x64.ActiveCfg = Debug|x64
		{7B4C9041-66D3-4444-823A-B92247D0054F}.Debug|x64.Build.0 = Debug|x64
		{7B4C9041-66D3-4444-823A-B92247D0054F}.Debug|x86.ActiveCfg = Debug|Win32
		{7B4C9041-66D3-4444-823A-B92247D0054F}.Debug|x86.Build.0 = Debug|Win32
		{7B4C9041-66D3-4444-823A-B92247D0054F}.Release|ARM64.ActiveCfg = Release|x64
		{7B4C9041-66D3-4444-823A-B92247D0054F}.Release|ARM64.Build.0 = Release|x64
		{7B4C9041-66D3-4444-823A-B92247D0054F}.Release|x64.ActiveCfg = Release|x64
		{7B4C9041-66D3-4444-823A-B92247D0054F}.Release|x64.Build.0 = Release|x64
		{7B4C9041-66D3-4444-823A-B92247D0054F}.Release|x86.ActiveCfg = Release|Win32
		{7B4C9041-66D3-4444-823A-B92247D0054F}.Release|x86.Build.0 = Release|Win32
		{66934F15-4F3B-4913-A905-CB607F8706A0}.Debug|ARM64.ActiveCfg = Debug|x64
		{66934F15-4F3B-4913-A905-CB607F8706A0}.Debug|ARM64.Build.0 = Debug|x64
		{66934F15-4F3B-4913-A905-CB607F8706A0}.Debug|x64.ActiveCfg = Debug|x64
		{66934F15-4F3B-4913-A905-CB607F8706A0}.Debug|x64.Build.0 = Debug|x64
		{66934F15-4F3B-4913-A905-CB607F8706A0}.Debug|x86.ActiveCfg = Debug|Win32
		{66934F15-4F3B-4913-A905-CB607F8706A0}.Debug|x86.Build.0 = Debug|Win32
		{66934F15-4F3B-4913-A905-CB607F8706A0}.Release|ARM64.ActiveCfg = Release|x64
		{66934F15-4F3B-4913-A905-CB607F8706A0}.Release|ARM64.Build.0 = Release|x64
		{66934F15-4F3B-4913-A905-CB607F8706A0}.Release|x64.ActiveCfg = Release|x64
		{66934F15-4F3B-4913-A905-CB607F8706A0}.Release|x64.Build.0 = Release|x64
		{66934F15-4F3B-4913-A905-CB607F8706A0}.Release|x86.ActiveCfg = Release|Win32
		{66934F15-4F3B-4913-A905-CB607F8706A0}.Release|x86.Build.0 = Release|Win32
		{CB7F6855-0C81-4A59-BBDD-0C79EDF9C705}.Debug|ARM64.ActiveCfg = Debug|x64
		{CB7F6855-0C81-4A59-BBDD-0C79EDF9C705}.Debug|ARM64.Build.0 = Debug|x64
		{CB7F6855-0C81-4A59-BBDD-0C79EDF9C705}.Debug|x64.ActiveCfg = Debug|x64
		{CB7F6855-0C81-4A59-BBDD-0C79EDF9C705}.Debug|x64.Build.0 = Debug|x64
		{CB7F6855-0C81-4A59-BBDD-0C79EDF9C705}.Debug|x86.ActiveCfg = Debug|Win32
		{CB7F6855-0C81-4A59-BBDD-0C79EDF9C705}.Debug|x86.Build.0 = Debug|Win32
		{CB7F6855-0C81-4A59-BBDD-0C79EDF9C705}.Release|ARM64.ActiveCfg = Release|x64
		{CB7F6855-0C81-4A59-BBDD-0C79EDF9C705}.Release|ARM64.Build.0 = Release|x64
		{CB7F6855-0C81-4A59-BBDD-0C79EDF9C705}.Release|x64.ActiveCfg = Release|x64
		{CB7F6855-0C81-4A59-BBDD-0C79EDF9C705}.Release|x64.Build.0 = Release|x64
		{CB7F6855-0C81-4A59-BBDD-0C79EDF9C705}.Release|x86.ActiveCfg = Release|Win32
		{CB7F6855-0C81-4A59-BBDD-0C79EDF9C705}.Release|x86.Build.0 = Release|Win32
		{3400A632-0EFD-4C50-839C-C8165EA50F41}.Debug|ARM64.ActiveCfg = Debug|x64
		{3400A632-0EFD-4C50-839C-C8165EA50F41}.Debug|ARM64.Build.0 = Debug|x64
		{3400A632-0EFD-4C50-839C-C8165EA50F41}.Debug|x64.ActiveCfg = Debug|x64
		{3400A632-0EFD-4C50-839C-C8165EA50F41}.Debug|x64.Build.0 = Debug|x64
		{3400A632-0EFD-4C50-839C-C8165EA50F41}.Debug|x86.ActiveCfg = Debug|Win32
		{3400A632-0EFD-4C50-839C-C8165EA50F41}.Debug|x86.Build.0 = Debug|Win32
		{3400A632-0EFD-4C50-839C-C8165EA50F41}.Release|ARM64.ActiveCfg = Release|x64
		{3400A632-0EFD-4C50-839C-C8165EA50F41}.Release|ARM64.Build.0 = Release|x64
		{3400A632-0EFD-4C50-839C-C8165EA50F41}.Release|x64.ActiveCfg = Release|x64
		{3400A632-0EFD-4C50-839C-C8165EA50F41}.Release|x64.Build.0 = Release|x64
		{3400A632-0EFD-4C50-839C-C8165EA50F41}.Release|x86.ActiveCfg = Release|Win32
		{3400A632-0EFD-4C50-839C-C8165EA50F41}.Release|x86.Build.0 = Release|Win32
		{FFCD3FF4-A85E-49F4-9FEA-0F38EE2B1945}.Debug|ARM64.ActiveCfg = Debug|x64
		{FFCD3FF4-A85E-49F4-9FEA-0F38EE2B1945}.Debug|ARM64.Build.0 = Debug|x64
		{FFCD3FF4-A85E-49F4-9FEA-0F38EE2B1945}.Debug|x64.ActiveCfg = Debug|x64
		{FFCD3FF4-A85E-49F4-9FEA-0F38EE2B1945}.Debug|x64.Build.0 = Debug|x64
		{FFCD3FF4-A85E-49F4-9FEA-0F38EE2B1945}.Debug|x86.ActiveCfg = Debug|Win32
		{FFCD3FF4-A85E-49F4-9FEA-0F38EE2B1945}.Debug|x86.Build.0 = Debug|Win32
		{FFCD3FF4-A85E-49F4-9FEA-0F38EE2B1945}.Release|ARM64.ActiveCfg = Release|x64
		{FFCD3FF4-A85E-49F4-9FEA-0F38EE2B1945}.Release|ARM64.Build.0 = Release|x64
		{FFCD3FF4-A85E-49F4-9FEA-0F38EE2B1945}.Release|x64.ActiveCfg = Release|x64
		{FFCD3FF4-A85E-49F4-9FEA-0F38EE2B1945}.Release|x64.Build.0 = Release|x64
		{FFCD3FF4-A85E-49F4-9FEA-0F38EE2B1945}.Release|x86.ActiveCfg = Release|Win32
		{FFCD3FF4-A85E-49F4-9FEA-0F38EE2B1945}.Release|x86.Build.0 = Release|Win32
		{059A2727-BD3A-4EF0-88A3-EA78444F5C37}.Debug|ARM64.ActiveCfg = Debug|x64
		{059A2727-BD3A-4EF0-88A3-EA78444F5C37}.Debug|ARM64.Build.0 = Debug|x64
		{059A2727-BD3A-4EF0-88A3-EA78444F5C37}.Debug|x64.ActiveCfg = Debug|x64
		{059A2727-BD3A-4EF0-88A3-EA78444F5C37}.Debug|x64.Build.0 = Debug|x64
		{059A2727-BD3A-4EF0-88A3-EA78444F5C37}.Debug|x86.ActiveCfg = Debug|Win32
		{059A2727-BD3A-4EF0-88A3-EA78444F5C37}.Debug|x86.Build.0 = Debug|Win32
		{059A2727-BD3A-4EF0-88A3-EA78444F5C37}.Release|ARM64.ActiveCfg = Release|x64
		{059A2727-BD3A-4EF0-88A3-EA78444F5C37}.Release|ARM64.Build.0 = Release|x64
		{059A2727-BD3A-4EF0-88A3-EA78444F5C37}.Release|x64.ActiveCfg = Release|x64
		{059A2727-BD3A-4EF0-88A3-EA78444F5C37}.Release|x64.Build.0 = Release|x64
		{059A2727-BD3A-4EF0-88A3-EA78444F5C37}.Release|x86.ActiveCfg = Release|Win32
		{059A2727-BD3A-4EF0-88A3-EA78444F5C37}.Release|x86.Build.0 = Release|Win32
		{626127E1-32C0-4AED-B84F-1CF0BCB6D907}.Debug|ARM64.ActiveCfg = Debug|x64
		{626127E1-32C0-4AED-B84F-1CF0BCB6D907}.Debug|ARM64.Build.0 = Debug|x64
		{626127E1-32C0-4AED-B84F-1CF0BCB6D907}.Debug|x64.ActiveCfg = Debug|x64
		{626127E1-32C0-4AED-B84F-1CF0BCB6D907}.Debug|x64.Build.0 = Debug|x64
		{626127E1-32C0-4AED-B84F-1CF0BCB6D907}.Debug|x86.ActiveCfg = Debug|Win32
		{626127E1-32C0-4AED-B84F-1CF0BCB6D907}.Debug|x86.Build.0 = Debug|Win32
		{626127E1-32C0-4AED-B84F-1CF0BCB6D907}.Release|ARM64.ActiveCfg = Release|x64
		{626127E1-32C0-4AED-B84F-1CF0BCB6D907}.Release|ARM64.Build.0 = Release|x64
		{626127E1-32C0-4AED-B84F-1CF0BCB6D907}.Release|x64.ActiveCfg = Release|x64
		{626127E1-32C0-4AED-B84F-1CF0BCB6D907}.Release|x64.Build.0 = Release|x64
		{626127E1-32C0-4AED-B84F-1CF0BCB6D907}.Release|x86.ActiveCfg = Release|Win32
		{626127E1-32C0-4AED-B84F-1CF0BCB6D907}.Release|x86.Build.0 = Release|Win32
	EndGlobalSection
	GlobalSection(SolutionProperties) = preSolution
		HideSolutionNode = FALSE
	EndGlobalSection
	GlobalSection(ExtensibilityGlobals) = postSolution
		SolutionGuid = {374A1520-5DE6-4E18-B796-ED222C37220B}
	EndGlobalSection
EndGlobal
